
Microsoft Visual Studio Solution File, Format Version 12.00
# Visual Studio Version 17
VisualStudioVersion = 17.7.34009.444
MinimumVisualStudioVersion = 10.0.40219.1
Project("{FAE04EC0-301F-11D3-BF4B-00C04F79EFBC}") = "EFCore_Template", "EFCore_Template\EFCore_Template.csproj", "{9DECBC40-F6EB-451F-9415-D192A61CB71A}"
EndProject
Global
	GlobalSection(SolutionConfigurationPlatforms) = preSolution
		Debug|Any CPU = Debug|Any CPU
		Release|Any CPU = Release|Any CPU
	EndGlobalSection
	GlobalSection(ProjectConfigurationPlatforms) = postSolution
		{9DECBC40-F6EB-451F-9415-D192A61CB71A}.Debug|Any CPU.ActiveCfg = Debug|Any CPU
		{9DECBC40-F6EB-451F-9415-D192A61CB71A}.Debug|Any CPU.Build.0 = Debug|Any CPU
		{9DECBC40-F6EB-451F-9415-D192A61CB71A}.Release|Any CPU.ActiveCfg = Release|Any CPU
		{9DECBC40-F6EB-451F-9415-D192A61CB71A}.Release|Any CPU.Build.0 = Release|Any CPU
	EndGlobalSection
	GlobalSection(SolutionProperties) = preSolution
		HideSolutionNode = FALSE
	EndGlobalSection
	GlobalSection(ExtensibilityGlobals) = postSolution
		SolutionGuid = {4D54E288-824C-4F0B-B189-17D0D8F3FC5F}
	EndGlobalSection
EndGlobal
